
Microsoft Visual Studio Solution File, Format Version 12.00
# Visual Studio Version 17
VisualStudioVersion = 17.3.32901.215
MinimumVisualStudioVersion = 10.0.40219.1
Project("{2150E333-8FDC-42A3-9474-1A3956D46DE8}") = "Server", "Server", "{A25A1226-489A-4A79-AFDB-6E5737577F3E}"
EndProject
Project("{2150E333-8FDC-42A3-9474-1A3956D46DE8}") = "0. Layer SeedWork", "0. Layer SeedWork", "{E62DC1E2-C4A5-489D-8716-D30DCAB9B50F}"
EndProject
Project("{2150E333-8FDC-42A3-9474-1A3956D46DE8}") = "1. Distributed Services", "1. Distributed Services", "{A652C85B-ADD5-487D-AD01-16E82A0ACBB8}"
EndProject
Project("{2150E333-8FDC-42A3-9474-1A3956D46DE8}") = "2. Application", "2. Application", "{59B3548E-6FAA-4FE4-91F3-D69316595DA2}"
EndProject
Project("{2150E333-8FDC-42A3-9474-1A3956D46DE8}") = "3. Domain", "3. Domain", "{9BD76A6C-26DD-4DCD-B8C0-7FE6BDF3A21B}"
EndProject
Project("{2150E333-8FDC-42A3-9474-1A3956D46DE8}") = "4. Infrastructure", "4. Infrastructure", "{E76498F8-24CB-4548-8A90-56B021DAC2E0}"
EndProject
Project("{2150E333-8FDC-42A3-9474-1A3956D46DE8}") = "5. Test", "5. Test", "{DB31427F-26E3-4B1D-A5E5-BA5F0F8A69EB}"
EndProject
Project("{9A19103F-16F7-4668-BE54-9A1E7A4F7556}") = "ParamoTech.Application.Seedwork", "ParamoTech.Application.Seedwork\ParamoTech.Application.Seedwork.csproj", "{25BCD1FC-38FB-46CD-9866-2AFDE37FAC37}"
EndProject
Project("{9A19103F-16F7-4668-BE54-9A1E7A4F7556}") = "ParamoTech.Domain.Seedwork", "ParamoTech.Domain.Seedwork\ParamoTech.Domain.Seedwork.csproj", "{83DB46BC-BD10-4042-9D88-A2D23007FAA0}"
EndProject
Project("{9A19103F-16F7-4668-BE54-9A1E7A4F7556}") = "ParamoTech.Repository.Seedwork", "ParamoTech.Repository.Seedwork\ParamoTech.Repository.Seedwork.csproj", "{347FB354-81ED-4F4F-BA01-FC9200579741}"
EndProject
Project("{9A19103F-16F7-4668-BE54-9A1E7A4F7556}") = "ParamoTech.SatRecruitment.Application", "ParamoTech.SatRecruitment.Application\ParamoTech.SatRecruitment.Application.csproj", "{9267768E-44C7-4B4F-B1D0-C3B6B667371A}"
EndProject
Project("{9A19103F-16F7-4668-BE54-9A1E7A4F7556}") = "ParamoTech.SatRecruitment.DTO", "ParamoTech.SatRecruitment.DTO\ParamoTech.SatRecruitment.DTO.csproj", "{78B8FCE2-771E-429D-BA7E-B11FD890BDFE}"
EndProject
Project("{9A19103F-16F7-4668-BE54-9A1E7A4F7556}") = "ParamoTech.SatRecruitment.Domain", "ParamoTech.SatRecruitment.Domain\ParamoTech.SatRecruitment.Domain.csproj", "{08C2251A-F92E-4065-9A27-70870B89991F}"
EndProject
Project("{2150E333-8FDC-42A3-9474-1A3956D46DE8}") = "Cross Cutting", "Cross Cutting", "{7A72FE20-1BD4-4A81-A18E-A5A97229CA8F}"
EndProject
Project("{2150E333-8FDC-42A3-9474-1A3956D46DE8}") = "Data", "Data", "{23066A54-A727-4EE8-B8B7-0DF83EAE0BE5}"
EndProject
Project("{9A19103F-16F7-4668-BE54-9A1E7A4F7556}") = "ParamoTech.SatRecruitment.Common", "ParamoTech.SatRecruitment.Common\ParamoTech.SatRecruitment.Common.csproj", "{0BEB3491-840B-4DD3-A6F1-A98E381C3187}"
EndProject
Project("{9A19103F-16F7-4668-BE54-9A1E7A4F7556}") = "ParamoTech.SatRecruitment.Translator", "ParamoTech.SatRecruitment.Translator\ParamoTech.SatRecruitment.Translator.csproj", "{F04E946D-7650-41CA-9933-6A4D8B7741E1}"
EndProject
Project("{9A19103F-16F7-4668-BE54-9A1E7A4F7556}") = "ParamoTech.SatRecruitment.Repository", "ParamoTech.SatRecruitment.Repository\ParamoTech.SatRecruitment.Repository.csproj", "{FD9261FD-704A-4423-B697-7D5BF0E01AF5}"
EndProject
Project("{2150E333-8FDC-42A3-9474-1A3956D46DE8}") = "WebAPI", "WebAPI", "{97478FF9-FEC1-40F3-80A8-9A6B7C29C0A6}"
EndProject
Project("{9A19103F-16F7-4668-BE54-9A1E7A4F7556}") = "ParamoTech.SatRecruitment.WebAPI", "ParamoTech.SatRecruitment.WebAPI\ParamoTech.SatRecruitment.WebAPI.csproj", "{6EFC6575-5E86-48A1-85EB-1A1636F1A09A}"
EndProject
Project("{FAE04EC0-301F-11D3-BF4B-00C04F79EFBC}") = "ParamoTech.SatRecruitment.Infrastructure", "ParamoTech.Infrastructure\ParamoTech.SatRecruitment.Infrastructure.csproj", "{60EAB7DD-21E7-4363-9ACA-9E5F0CE27F73}"
EndProject
Global
	GlobalSection(SolutionConfigurationPlatforms) = preSolution
		Debug|Any CPU = Debug|Any CPU
		Release|Any CPU = Release|Any CPU
	EndGlobalSection
	GlobalSection(ProjectConfigurationPlatforms) = postSolution
		{25BCD1FC-38FB-46CD-9866-2AFDE37FAC37}.Debug|Any CPU.ActiveCfg = Debug|Any CPU
		{25BCD1FC-38FB-46CD-9866-2AFDE37FAC37}.Debug|Any CPU.Build.0 = Debug|Any CPU
		{25BCD1FC-38FB-46CD-9866-2AFDE37FAC37}.Release|Any CPU.ActiveCfg = Release|Any CPU
		{25BCD1FC-38FB-46CD-9866-2AFDE37FAC37}.Release|Any CPU.Build.0 = Release|Any CPU
		{83DB46BC-BD10-4042-9D88-A2D23007FAA0}.Debug|Any CPU.ActiveCfg = Debug|Any CPU
		{83DB46BC-BD10-4042-9D88-A2D23007FAA0}.Debug|Any CPU.Build.0 = Debug|Any CPU
		{83DB46BC-BD10-4042-9D88-A2D23007FAA0}.Release|Any CPU.ActiveCfg = Release|Any CPU
		{83DB46BC-BD10-4042-9D88-A2D23007FAA0}.Release|Any CPU.Build.0 = Release|Any CPU
		{347FB354-81ED-4F4F-BA01-FC9200579741}.Debug|Any CPU.ActiveCfg = Debug|Any CPU
		{347FB354-81ED-4F4F-BA01-FC9200579741}.Debug|Any CPU.Build.0 = Debug|Any CPU
		{347FB354-81ED-4F4F-BA01-FC9200579741}.Release|Any CPU.ActiveCfg = Release|Any CPU
		{347FB354-81ED-4F4F-BA01-FC9200579741}.Release|Any CPU.Build.0 = Release|Any CPU
		{9267768E-44C7-4B4F-B1D0-C3B6B667371A}.Debug|Any CPU.ActiveCfg = Debug|Any CPU
		{9267768E-44C7-4B4F-B1D0-C3B6B667371A}.Debug|Any CPU.Build.0 = Debug|Any CPU
		{9267768E-44C7-4B4F-B1D0-C3B6B667371A}.Release|Any CPU.ActiveCfg = Release|Any CPU
		{9267768E-44C7-4B4F-B1D0-C3B6B667371A}.Release|Any CPU.Build.0 = Release|Any CPU
		{78B8FCE2-771E-429D-BA7E-B11FD890BDFE}.Debug|Any CPU.ActiveCfg = Debug|Any CPU
		{78B8FCE2-771E-429D-BA7E-B11FD890BDFE}.Debug|Any CPU.Build.0 = Debug|Any CPU
		{78B8FCE2-771E-429D-BA7E-B11FD890BDFE}.Release|Any CPU.ActiveCfg = Release|Any CPU
		{78B8FCE2-771E-429D-BA7E-B11FD890BDFE}.Release|Any CPU.Build.0 = Release|Any CPU
		{08C2251A-F92E-4065-9A27-70870B89991F}.Debug|Any CPU.ActiveCfg = Debug|Any CPU
		{08C2251A-F92E-4065-9A27-70870B89991F}.Debug|Any CPU.Build.0 = Debug|Any CPU
		{08C2251A-F92E-4065-9A27-70870B89991F}.Release|Any CPU.ActiveCfg = Release|Any CPU
		{08C2251A-F92E-4065-9A27-70870B89991F}.Release|Any CPU.Build.0 = Release|Any CPU
		{0BEB3491-840B-4DD3-A6F1-A98E381C3187}.Debug|Any CPU.ActiveCfg = Debug|Any CPU
		{0BEB3491-840B-4DD3-A6F1-A98E381C3187}.Debug|Any CPU.Build.0 = Debug|Any CPU
		{0BEB3491-840B-4DD3-A6F1-A98E381C3187}.Release|Any CPU.ActiveCfg = Release|Any CPU
		{0BEB3491-840B-4DD3-A6F1-A98E381C3187}.Release|Any CPU.Build.0 = Release|Any CPU
		{F04E946D-7650-41CA-9933-6A4D8B7741E1}.Debug|Any CPU.ActiveCfg = Debug|Any CPU
		{F04E946D-7650-41CA-9933-6A4D8B7741E1}.Debug|Any CPU.Build.0 = Debug|Any CPU
		{F04E946D-7650-41CA-9933-6A4D8B7741E1}.Release|Any CPU.ActiveCfg = Release|Any CPU
		{F04E946D-7650-41CA-9933-6A4D8B7741E1}.Release|Any CPU.Build.0 = Release|Any CPU
		{FD9261FD-704A-4423-B697-7D5BF0E01AF5}.Debug|Any CPU.ActiveCfg = Debug|Any CPU
		{FD9261FD-704A-4423-B697-7D5BF0E01AF5}.Debug|Any CPU.Build.0 = Debug|Any CPU
		{FD9261FD-704A-4423-B697-7D5BF0E01AF5}.Release|Any CPU.ActiveCfg = Release|Any CPU
		{FD9261FD-704A-4423-B697-7D5BF0E01AF5}.Release|Any CPU.Build.0 = Release|Any CPU
		{6EFC6575-5E86-48A1-85EB-1A1636F1A09A}.Debug|Any CPU.ActiveCfg = Debug|Any CPU
		{6EFC6575-5E86-48A1-85EB-1A1636F1A09A}.Debug|Any CPU.Build.0 = Debug|Any CPU
		{6EFC6575-5E86-48A1-85EB-1A1636F1A09A}.Release|Any CPU.ActiveCfg = Release|Any CPU
		{6EFC6575-5E86-48A1-85EB-1A1636F1A09A}.Release|Any CPU.Build.0 = Release|Any CPU
		{60EAB7DD-21E7-4363-9ACA-9E5F0CE27F73}.Debug|Any CPU.ActiveCfg = Debug|Any CPU
		{60EAB7DD-21E7-4363-9ACA-9E5F0CE27F73}.Debug|Any CPU.Build.0 = Debug|Any CPU
		{60EAB7DD-21E7-4363-9ACA-9E5F0CE27F73}.Release|Any CPU.ActiveCfg = Release|Any CPU
		{60EAB7DD-21E7-4363-9ACA-9E5F0CE27F73}.Release|Any CPU.Build.0 = Release|Any CPU
	EndGlobalSection
	GlobalSection(SolutionProperties) = preSolution
		HideSolutionNode = FALSE
	EndGlobalSection
	GlobalSection(NestedProjects) = preSolution
		{E62DC1E2-C4A5-489D-8716-D30DCAB9B50F} = {A25A1226-489A-4A79-AFDB-6E5737577F3E}
		{A652C85B-ADD5-487D-AD01-16E82A0ACBB8} = {A25A1226-489A-4A79-AFDB-6E5737577F3E}
		{59B3548E-6FAA-4FE4-91F3-D69316595DA2} = {A25A1226-489A-4A79-AFDB-6E5737577F3E}
		{9BD76A6C-26DD-4DCD-B8C0-7FE6BDF3A21B} = {A25A1226-489A-4A79-AFDB-6E5737577F3E}
		{E76498F8-24CB-4548-8A90-56B021DAC2E0} = {A25A1226-489A-4A79-AFDB-6E5737577F3E}
		{DB31427F-26E3-4B1D-A5E5-BA5F0F8A69EB} = {A25A1226-489A-4A79-AFDB-6E5737577F3E}
		{25BCD1FC-38FB-46CD-9866-2AFDE37FAC37} = {E62DC1E2-C4A5-489D-8716-D30DCAB9B50F}
		{83DB46BC-BD10-4042-9D88-A2D23007FAA0} = {E62DC1E2-C4A5-489D-8716-D30DCAB9B50F}
		{347FB354-81ED-4F4F-BA01-FC9200579741} = {E62DC1E2-C4A5-489D-8716-D30DCAB9B50F}
		{9267768E-44C7-4B4F-B1D0-C3B6B667371A} = {59B3548E-6FAA-4FE4-91F3-D69316595DA2}
		{78B8FCE2-771E-429D-BA7E-B11FD890BDFE} = {59B3548E-6FAA-4FE4-91F3-D69316595DA2}
		{08C2251A-F92E-4065-9A27-70870B89991F} = {9BD76A6C-26DD-4DCD-B8C0-7FE6BDF3A21B}
		{7A72FE20-1BD4-4A81-A18E-A5A97229CA8F} = {E76498F8-24CB-4548-8A90-56B021DAC2E0}
		{23066A54-A727-4EE8-B8B7-0DF83EAE0BE5} = {E76498F8-24CB-4548-8A90-56B021DAC2E0}
		{0BEB3491-840B-4DD3-A6F1-A98E381C3187} = {7A72FE20-1BD4-4A81-A18E-A5A97229CA8F}
		{F04E946D-7650-41CA-9933-6A4D8B7741E1} = {7A72FE20-1BD4-4A81-A18E-A5A97229CA8F}
		{FD9261FD-704A-4423-B697-7D5BF0E01AF5} = {23066A54-A727-4EE8-B8B7-0DF83EAE0BE5}
		{97478FF9-FEC1-40F3-80A8-9A6B7C29C0A6} = {A652C85B-ADD5-487D-AD01-16E82A0ACBB8}
		{6EFC6575-5E86-48A1-85EB-1A1636F1A09A} = {97478FF9-FEC1-40F3-80A8-9A6B7C29C0A6}
		{60EAB7DD-21E7-4363-9ACA-9E5F0CE27F73} = {7A72FE20-1BD4-4A81-A18E-A5A97229CA8F}
	EndGlobalSection
	GlobalSection(ExtensibilityGlobals) = postSolution
		SolutionGuid = {21AA5D58-8204-4BA3-83C4-6A450CAE2B5E}
	EndGlobalSection
EndGlobal
